Microsoft Visual Studio Solution File, Format Version 12.00
# Visual Studio Version 17
VisualStudioVersion = 17.5.2.0
MinimumVisualStudioVersion = 10.0.40219.1
Project("{FAE04EC0-301F-11D3-BF4B-00C04F79EFBC}") = "mathGame.kaylubr", "mathGame.kaylubr.csproj", "{297D1170-6508-E3C8-1337-F38664D6D937}"
EndProject
Global
	GlobalSection(SolutionConfigurationPlatforms) = preSolution
		Debug|Any CPU = Debug|Any CPU
		Release|Any CPU = Release|Any CPU
	EndGlobalSection
	GlobalSection(ProjectConfigurationPlatforms) = postSolution
		{297D1170-6508-E3C8-1337-F38664D6D937}.Debug|Any CPU.ActiveCfg = Debug|Any CPU
		{297D1170-6508-E3C8-1337-F38664D6D937}.Debug|Any CPU.Build.0 = Debug|Any CPU
		{297D1170-6508-E3C8-1337-F38664D6D937}.Release|Any CPU.ActiveCfg = Release|Any CPU
		{297D1170-6508-E3C8-1337-F38664D6D937}.Release|Any CPU.Build.0 = Release|Any CPU
	EndGlobalSection
	GlobalSection(SolutionProperties) = preSolution
		HideSolutionNode = FALSE
	EndGlobalSection
	GlobalSection(ExtensibilityGlobals) = postSolution
		SolutionGuid = {A792CF4D-7EE8-4B8C-B417-743CA6E87E44}
	EndGlobalSection
EndGlobal
